// !$*UTF8*$!
{
	archiveVersion = 1;
	classes = {
	};
	objectVersion = 46;
	objects = {

/* Begin PBXBuildFile section */
		BF06DD181D9153DF00360508 /* UIResponderKeyboardCache.swift in Sources */ = {isa = PBXBuildFile; fileRef = BF06DD171D9153DF00360508 /* UIResponderKeyboardCache.swift */; };
		BF06DD191D9153DF00360508 /* UIResponderKeyboardCache.swift in Sources */ = {isa = PBXBuildFile; fileRef = BF06DD171D9153DF00360508 /* UIResponderKeyboardCache.swift */; };
		BF06DD1A1D9153DF00360508 /* UIResponderKeyboardCache.swift in Sources */ = {isa = PBXBuildFile; fileRef = BF06DD171D9153DF00360508 /* UIResponderKeyboardCache.swift */; };
		BF06DD1B1D9153DF00360508 /* UIResponderKeyboardCache.swift in Sources */ = {isa = PBXBuildFile; fileRef = BF06DD171D9153DF00360508 /* UIResponderKeyboardCache.swift */; };
		BF5CEAC81D1B38C20078C2D1 /* AppDelegate.swift in Sources */ = {isa = PBXBuildFile; fileRef = BF5CEAC71D1B38C20078C2D1 /* AppDelegate.swift */; };
		BF5CEACA1D1B38C20078C2D1 /* ViewController.swift in Sources */ = {isa = PBXBuildFile; fileRef = BF5CEAC91D1B38C20078C2D1 /* ViewController.swift */; };
		BF5CEACD1D1B38C20078C2D1 /* Main.storyboard in Resources */ = {isa = PBXBuildFile; fileRef = BF5CEACB1D1B38C20078C2D1 /* Main.storyboard */; };
		BF5CEACF1D1B38C20078C2D1 /* Assets.xcassets in Resources */ = {isa = PBXBuildFile; fileRef = BF5CEACE1D1B38C20078C2D1 /* Assets.xcassets */; };
		BF5CEAD21D1B38C20078C2D1 /* LaunchScreen.storyboard in Resources */ = {isa = PBXBuildFile; fileRef = BF5CEAD01D1B38C20078C2D1 /* LaunchScreen.storyboard */; };
		BF5CEADD1D1B38C20078C2D1 /* keyboard_201606220_01Tests.swift in Sources */ = {isa = PBXBuildFile; fileRef = BF5CEADC1D1B38C20078C2D1 /* keyboard_201606220_01Tests.swift */; };
		BF5CEAE81D1B38C20078C2D1 /* keyboard_201606220_01UITests.swift in Sources */ = {isa = PBXBuildFile; fileRef = BF5CEAE71D1B38C20078C2D1 /* keyboard_201606220_01UITests.swift */; };
		BF5CEAFC1D1B38F20078C2D1 /* KeyboardViewController.swift in Sources */ = {isa = PBXBuildFile; fileRef = BF5CEAFB1D1B38F20078C2D1 /* KeyboardViewController.swift */; };
		BF5CEB001D1B38F20078C2D1 /* Doug.appex in Embed App Extensions */ = {isa = PBXBuildFile; fileRef = BF5CEAF91D1B38F20078C2D1 /* Doug.appex */; settings = {ATTRIBUTES = (RemoveHeadersOnCopy, ); }; };
		BF74C13B1D3D892D0088E585 /* ConstraintMaker.swift in Sources */ = {isa = PBXBuildFile; fileRef = BF74C13A1D3D892D0088E585 /* ConstraintMaker.swift */; };
		BF74C13C1D3D892D0088E585 /* ConstraintMaker.swift in Sources */ = {isa = PBXBuildFile; fileRef = BF74C13A1D3D892D0088E585 /* ConstraintMaker.swift */; };
		BF74C13D1D3D892D0088E585 /* ConstraintMaker.swift in Sources */ = {isa = PBXBuildFile; fileRef = BF74C13A1D3D892D0088E585 /* ConstraintMaker.swift */; };
		BF74C13E1D3D892D0088E585 /* ConstraintMaker.swift in Sources */ = {isa = PBXBuildFile; fileRef = BF74C13A1D3D892D0088E585 /* ConstraintMaker.swift */; };
		BFAF45BB1D8ACA8D00A19EF1 /* TutRunner.swift in Sources */ = {isa = PBXBuildFile; fileRef = BFAF45BA1D8ACA8D00A19EF1 /* TutRunner.swift */; };
		BFAF45BC1D8ACA8D00A19EF1 /* TutRunner.swift in Sources */ = {isa = PBXBuildFile; fileRef = BFAF45BA1D8ACA8D00A19EF1 /* TutRunner.swift */; };
		BFAF45BD1D8ACA8D00A19EF1 /* TutRunner.swift in Sources */ = {isa = PBXBuildFile; fileRef = BFAF45BA1D8ACA8D00A19EF1 /* TutRunner.swift */; };
		BFAF45BE1D8ACA8D00A19EF1 /* TutRunner.swift in Sources */ = {isa = PBXBuildFile; fileRef = BFAF45BA1D8ACA8D00A19EF1 /* TutRunner.swift */; };
		BFCACD4D1D2CA0E00013ABB4 /* Assets.xcassets in Resources */ = {isa = PBXBuildFile; fileRef = BF5CEACE1D1B38C20078C2D1 /* Assets.xcassets */; };
		BFCACD4E1D2CA0E10013ABB4 /* Assets.xcassets in Resources */ = {isa = PBXBuildFile; fileRef = BF5CEACE1D1B38C20078C2D1 /* Assets.xcassets */; };
		BFCACD4F1D2CA0E10013ABB4 /* Assets.xcassets in Resources */ = {isa = PBXBuildFile; fileRef = BF5CEACE1D1B38C20078C2D1 /* Assets.xcassets */; };
		BFCDD7FE1D4B246E00809A7B /* KeyboardManager.swift in Sources */ = {isa = PBXBuildFile; fileRef = BFCDD7FD1D4B246E00809A7B /* KeyboardManager.swift */; };
		BFCDD7FF1D4B246E00809A7B /* KeyboardManager.swift in Sources */ = {isa = PBXBuildFile; fileRef = BFCDD7FD1D4B246E00809A7B /* KeyboardManager.swift */; };
		BFCDD8001D4B246E00809A7B /* KeyboardManager.swift in Sources */ = {isa = PBXBuildFile; fileRef = BFCDD7FD1D4B246E00809A7B /* KeyboardManager.swift */; };
		BFCDD8011D4B246E00809A7B /* KeyboardManager.swift in Sources */ = {isa = PBXBuildFile; fileRef = BFCDD7FD1D4B246E00809A7B /* KeyboardManager.swift */; };
		BFD23A5B1D6422B1003B1376 /* Appearance.swift in Sources */ = {isa = PBXBuildFile; fileRef = BFD23A5A1D6422B1003B1376 /* Appearance.swift */; };
		BFD23A5C1D6422B1003B1376 /* Appearance.swift in Sources */ = {isa = PBXBuildFile; fileRef = BFD23A5A1D6422B1003B1376 /* Appearance.swift */; };
		BFD23A5D1D6422B1003B1376 /* Appearance.swift in Sources */ = {isa = PBXBuildFile; fileRef = BFD23A5A1D6422B1003B1376 /* Appearance.swift */; };
		BFD23A5E1D6422B1003B1376 /* Appearance.swift in Sources */ = {isa = PBXBuildFile; fileRef = BFD23A5A1D6422B1003B1376 /* Appearance.swift */; };
		BFF371EB1D7A974A00B68BDB /* TextAidProxy.swift in Sources */ = {isa = PBXBuildFile; fileRef = BFF371EA1D7A974A00B68BDB /* TextAidProxy.swift */; };
		BFF371EC1D7A974A00B68BDB /* TextAidProxy.swift in Sources */ = {isa = PBXBuildFile; fileRef = BFF371EA1D7A974A00B68BDB /* TextAidProxy.swift */; };
		BFF371ED1D7A974A00B68BDB /* TextAidProxy.swift in Sources */ = {isa = PBXBuildFile; fileRef = BFF371EA1D7A974A00B68BDB /* TextAidProxy.swift */; };
		BFF371EE1D7A974A00B68BDB /* TextAidProxy.swift in Sources */ = {isa = PBXBuildFile; fileRef = BFF371EA1D7A974A00B68BDB /* TextAidProxy.swift */; };
/* End PBXBuildFile section */

/* Begin PBXContainerItemProxy section */
		BF5CEAD91D1B38C20078C2D1 /* PBXContainerItemProxy */ = {
			isa = PBXContainerItemProxy;
			containerPortal = BF5CEABC1D1B38C20078C2D1 /* Project object */;
			proxyType = 1;
			remoteGlobalIDString = BF5CEAC31D1B38C20078C2D1;
			remoteInfo = "keyboard-201606220-01";
		};
		BF5CEAE41D1B38C20078C2D1 /* PBXContainerItemProxy */ = {
			isa = PBXContainerItemProxy;
			containerPortal = BF5CEABC1D1B38C20078C2D1 /* Project object */;
			proxyType = 1;
			remoteGlobalIDString = BF5CEAC31D1B38C20078C2D1;
			remoteInfo = "keyboard-201606220-01";
		};
		BF5CEAFE1D1B38F20078C2D1 /* PBXContainerItemProxy */ = {
			isa = PBXContainerItemProxy;
			containerPortal = BF5CEABC1D1B38C20078C2D1 /* Project object */;
			proxyType = 1;
			remoteGlobalIDString = BF5CEAF81D1B38F20078C2D1;
			remoteInfo = keyboard;
		};
/* End PBXContainerItemProxy section */

/* Begin PBXCopyFilesBuildPhase section */
		BF5CEB041D1B38F20078C2D1 /* Embed App Extensions */ = {
			isa = PBXCopyFilesBuildPhase;
			buildActionMask = 2147483647;
			dstPath = "";
			dstSubfolderSpec = 13;
			files = (
				BF5CEB001D1B38F20078C2D1 /* Doug.appex in Embed App Extensions */,
			);
			name = "Embed App Extensions";
			runOnlyForDeploymentPostprocessing = 0;
		};
/* End PBXCopyFilesBuildPhase section */

/* Begin PBXFileReference section */
		BF06DD171D9153DF00360508 /* UIResponderKeyboardCache.swift */ = {isa = PBXFileReference; fileEncoding = 4; lastKnownFileType = sourcecode.swift; path = UIResponderKeyboardCache.swift; sourceTree = SOURCE_ROOT; };
		BF5CEAC41D1B38C20078C2D1 /* Doug.app */ = {isa = PBXFileReference; explicitFileType = wrapper.application; includeInIndex = 0; path = Doug.app; sourceTree = BUILT_PRODUCTS_DIR; };
		BF5CEAC71D1B38C20078C2D1 /* AppDelegate.swift */ = {isa = PBXFileReference; lastKnownFileType = sourcecode.swift; path = AppDelegate.swift; sourceTree = "<group>"; };
		BF5CEAC91D1B38C20078C2D1 /* ViewController.swift */ = {isa = PBXFileReference; lastKnownFileType = sourcecode.swift; path = ViewController.swift; sourceTree = "<group>"; };
		BF5CEACC1D1B38C20078C2D1 /* Base */ = {isa = PBXFileReference; lastKnownFileType = file.storyboard; name = Base; path = Base.lproj/Main.storyboard; sourceTree = "<group>"; };
		BF5CEACE1D1B38C20078C2D1 /* Assets.xcassets */ = {isa = PBXFileReference; lastKnownFileType = folder.assetcatalog; path = Assets.xcassets; sourceTree = "<group>"; };
		BF5CEAD11D1B38C20078C2D1 /* Base */ = {isa = PBXFileReference; lastKnownFileType = file.storyboard; name = Base; path = Base.lproj/LaunchScreen.storyboard; sourceTree = "<group>"; };
		BF5CEAD31D1B38C20078C2D1 /* Info.plist */ = {isa = PBXFileReference; lastKnownFileType = text.plist.xml; path = Info.plist; sourceTree = "<group>"; };
		BF5CEAD81D1B38C20078C2D1 /* keyboard-201606220-01Tests.xctest */ = {isa = PBXFileReference; explicitFileType = wrapper.cfbundle; includeInIndex = 0; path = "keyboard-201606220-01Tests.xctest"; sourceTree = BUILT_PRODUCTS_DIR; };
		BF5CEADC1D1B38C20078C2D1 /* keyboard_201606220_01Tests.swift */ = {isa = PBXFileReference; lastKnownFileType = sourcecode.swift; path = keyboard_201606220_01Tests.swift; sourceTree = "<group>"; };
		BF5CEADE1D1B38C20078C2D1 /* Info.plist */ = {isa = PBXFileReference; lastKnownFileType = text.plist.xml; path = Info.plist; sourceTree = "<group>"; };
		BF5CEAE31D1B38C20078C2D1 /* keyboard-201606220-01UITests.xctest */ = {isa = PBXFileReference; explicitFileType = wrapper.cfbundle; includeInIndex = 0; path = "keyboard-201606220-01UITests.xctest"; sourceTree = BUILT_PRODUCTS_DIR; };
		BF5CEAE71D1B38C20078C2D1 /* keyboard_201606220_01UITests.swift */ = {isa = PBXFileReference; lastKnownFileType = sourcecode.swift; path = keyboard_201606220_01UITests.swift; sourceTree = "<group>"; };
		BF5CEAE91D1B38C20078C2D1 /* Info.plist */ = {isa = PBXFileReference; lastKnownFileType = text.plist.xml; path = Info.plist; sourceTree = "<group>"; };
		BF5CEAF91D1B38F20078C2D1 /* Doug.appex */ = {isa = PBXFileReference; explicitFileType = "wrapper.app-extension"; includeInIndex = 0; path = Doug.appex; sourceTree = BUILT_PRODUCTS_DIR; };
		BF5CEAFB1D1B38F20078C2D1 /* KeyboardViewController.swift */ = {isa = PBXFileReference; lastKnownFileType = sourcecode.swift; path = KeyboardViewController.swift; sourceTree = "<group>"; };
		BF5CEAFD1D1B38F20078C2D1 /* Info.plist */ = {isa = PBXFileReference; lastKnownFileType = text.plist.xml; path = Info.plist; sourceTree = "<group>"; };
		BF74C13A1D3D892D0088E585 /* ConstraintMaker.swift */ = {isa = PBXFileReference; fileEncoding = 4; lastKnownFileType = sourcecode.swift; name = ConstraintMaker.swift; path = ../ConstraintMaker.swift; sourceTree = "<group>"; };
		BFAF45BA1D8ACA8D00A19EF1 /* TutRunner.swift */ = {isa = PBXFileReference; fileEncoding = 4; lastKnownFileType = sourcecode.swift; path = TutRunner.swift; sourceTree = SOURCE_ROOT; };
		BFCDD7FD1D4B246E00809A7B /* KeyboardManager.swift */ = {isa = PBXFileReference; fileEncoding = 4; lastKnownFileType = sourcecode.swift; path = KeyboardManager.swift; sourceTree = "<group>"; };
		BFD23A5A1D6422B1003B1376 /* Appearance.swift */ = {isa = PBXFileReference; fileEncoding = 4; lastKnownFileType = sourcecode.swift; name = Appearance.swift; path = ../keyboard/Appearance.swift; sourceTree = "<group>"; };
		BFDD06BA1D81344E0081D15A /* Doug.entitlements */ = {isa = PBXFileReference; lastKnownFileType = text.xml; path = Doug.entitlements; sourceTree = "<group>"; };
		BFF371EA1D7A974A00B68BDB /* TextAidProxy.swift */ = {isa = PBXFileReference; fileEncoding = 4; lastKnownFileType = sourcecode.swift; name = TextAidProxy.swift; path = ../TextAidProxy.swift; sourceTree = "<group>"; };
/* End PBXFileReference section */

/* Begin PBXFrameworksBuildPhase section */
		BF5CEAC11D1B38C20078C2D1 /* Frameworks */ = {
			isa = PBXFrameworksBuildPhase;
			buildActionMask = 2147483647;
			files = (
			);
			runOnlyForDeploymentPostprocessing = 0;
		};
		BF5CEAD51D1B38C20078C2D1 /* Frameworks */ = {
			isa = PBXFrameworksBuildPhase;
			buildActionMask = 2147483647;
			files = (
			);
			runOnlyForDeploymentPostprocessing = 0;
		};
		BF5CEAE01D1B38C20078C2D1 /* Frameworks */ = {
			isa = PBXFrameworksBuildPhase;
			buildActionMask = 2147483647;
			files = (
			);
			runOnlyForDeploymentPostprocessing = 0;
		};
		BF5CEAF61D1B38F20078C2D1 /* Frameworks */ = {
			isa = PBXFrameworksBuildPhase;
			buildActionMask = 2147483647;
			files = (
			);
			runOnlyForDeploymentPostprocessing = 0;
		};
/* End PBXFrameworksBuildPhase section */

/* Begin PBXGroup section */
		BF5CEABB1D1B38C20078C2D1 = {
			isa = PBXGroup;
			children = (
				BF5CEAC61D1B38C20078C2D1 /* keyboard-201606220-01 */,
				BF5CEADB1D1B38C20078C2D1 /* keyboard-201606220-01Tests */,
				BF5CEAE61D1B38C20078C2D1 /* keyboard-201606220-01UITests */,
				BF5CEAFA1D1B38F20078C2D1 /* keyboard */,
				BF5CEAC51D1B38C20078C2D1 /* Products */,
			);
			sourceTree = "<group>";
		};
		BF5CEAC51D1B38C20078C2D1 /* Products */ = {
			isa = PBXGroup;
			children = (
				BF5CEAC41D1B38C20078C2D1 /* Doug.app */,
				BF5CEAD81D1B38C20078C2D1 /* keyboard-201606220-01Tests.xctest */,
				BF5CEAE31D1B38C20078C2D1 /* keyboard-201606220-01UITests.xctest */,
				BF5CEAF91D1B38F20078C2D1 /* Doug.appex */,
			);
			name = Products;
			sourceTree = "<group>";
		};
		BF5CEAC61D1B38C20078C2D1 /* keyboard-201606220-01 */ = {
			isa = PBXGroup;
			children = (
				BF06DD171D9153DF00360508 /* UIResponderKeyboardCache.swift */,
				BFDD06BA1D81344E0081D15A /* Doug.entitlements */,
				BFF371EA1D7A974A00B68BDB /* TextAidProxy.swift */,
				BFD23A5A1D6422B1003B1376 /* Appearance.swift */,
				BF5CEAC71D1B38C20078C2D1 /* AppDelegate.swift */,
				BF74C13A1D3D892D0088E585 /* ConstraintMaker.swift */,
				BFAF45BA1D8ACA8D00A19EF1 /* TutRunner.swift */,
				BFCDD7FD1D4B246E00809A7B /* KeyboardManager.swift */,
				BF5CEAC91D1B38C20078C2D1 /* ViewController.swift */,
				BF5CEACB1D1B38C20078C2D1 /* Main.storyboard */,
				BF5CEACE1D1B38C20078C2D1 /* Assets.xcassets */,
				BF5CEAD01D1B38C20078C2D1 /* LaunchScreen.storyboard */,
				BF5CEAD31D1B38C20078C2D1 /* Info.plist */,
			);
			path = "keyboard-201606220-01";
			sourceTree = "<group>";
		};
		BF5CEADB1D1B38C20078C2D1 /* keyboard-201606220-01Tests */ = {
			isa = PBXGroup;
			children = (
				BF5CEADC1D1B38C20078C2D1 /* keyboard_201606220_01Tests.swift */,
				BF5CEADE1D1B38C20078C2D1 /* Info.plist */,
			);
			path = "keyboard-201606220-01Tests";
			sourceTree = "<group>";
		};
		BF5CEAE61D1B38C20078C2D1 /* keyboard-201606220-01UITests */ = {
			isa = PBXGroup;
			children = (
				BF5CEAE71D1B38C20078C2D1 /* keyboard_201606220_01UITests.swift */,
				BF5CEAE91D1B38C20078C2D1 /* Info.plist */,
			);
			path = "keyboard-201606220-01UITests";
			sourceTree = "<group>";
		};
		BF5CEAFA1D1B38F20078C2D1 /* keyboard */ = {
			isa = PBXGroup;
			children = (
				BF5CEAFB1D1B38F20078C2D1 /* KeyboardViewController.swift */,
				BF5CEAFD1D1B38F20078C2D1 /* Info.plist */,
			);
			path = keyboard;
			sourceTree = "<group>";
		};
/* End PBXGroup section */

/* Begin PBXNativeTarget section */
		BF5CEAC31D1B38C20078C2D1 /* keyboard-201606220-01 */ = {
			isa = PBXNativeTarget;
			buildConfigurationList = BF5CEAEC1D1B38C20078C2D1 /* Build configuration list for PBXNativeTarget "keyboard-201606220-01" */;
			buildPhases = (
				BF5CEAC01D1B38C20078C2D1 /* Sources */,
				BF5CEAC11D1B38C20078C2D1 /* Frameworks */,
				BF5CEAC21D1B38C20078C2D1 /* Resources */,
				BF5CEB041D1B38F20078C2D1 /* Embed App Extensions */,
			);
			buildRules = (
			);
			dependencies = (
				BF5CEAFF1D1B38F20078C2D1 /* PBXTargetDependency */,
			);
			name = "keyboard-201606220-01";
			productName = "keyboard-201606220-01";
			productReference = BF5CEAC41D1B38C20078C2D1 /* Doug.app */;
			productType = "com.apple.product-type.application";
		};
		BF5CEAD71D1B38C20078C2D1 /* keyboard-201606220-01Tests */ = {
			isa = PBXNativeTarget;
			buildConfigurationList = BF5CEAEF1D1B38C20078C2D1 /* Build configuration list for PBXNativeTarget "keyboard-201606220-01Tests" */;
			buildPhases = (
				BF5CEAD41D1B38C20078C2D1 /* Sources */,
				BF5CEAD51D1B38C20078C2D1 /* Frameworks */,
				BF5CEAD61D1B38C20078C2D1 /* Resources */,
			);
			buildRules = (
			);
			dependencies = (
				BF5CEADA1D1B38C20078C2D1 /* PBXTargetDependency */,
			);
			name = "keyboard-201606220-01Tests";
			productName = "keyboard-201606220-01Tests";
			productReference = BF5CEAD81D1B38C20078C2D1 /* keyboard-201606220-01Tests.xctest */;
			productType = "com.apple.product-type.bundle.unit-test";
		};
		BF5CEAE21D1B38C20078C2D1 /* keyboard-201606220-01UITests */ = {
			isa = PBXNativeTarget;
			buildConfigurationList = BF5CEAF21D1B38C20078C2D1 /* Build configuration list for PBXNativeTarget "keyboard-201606220-01UITests" */;
			buildPhases = (
				BF5CEADF1D1B38C20078C2D1 /* Sources */,
				BF5CEAE01D1B38C20078C2D1 /* Frameworks */,
				BF5CEAE11D1B38C20078C2D1 /* Resources */,
			);
			buildRules = (
			);
			dependencies = (
				BF5CEAE51D1B38C20078C2D1 /* PBXTargetDependency */,
			);
			name = "keyboard-201606220-01UITests";
			productName = "keyboard-201606220-01UITests";
			productReference = BF5CEAE31D1B38C20078C2D1 /* keyboard-201606220-01UITests.xctest */;
			productType = "com.apple.product-type.bundle.ui-testing";
		};
		BF5CEAF81D1B38F20078C2D1 /* keyboard */ = {
			isa = PBXNativeTarget;
			buildConfigurationList = BF5CEB011D1B38F20078C2D1 /* Build configuration list for PBXNativeTarget "keyboard" */;
			buildPhases = (
				BF5CEAF51D1B38F20078C2D1 /* Sources */,
				BF5CEAF61D1B38F20078C2D1 /* Frameworks */,
				BF5CEAF71D1B38F20078C2D1 /* Resources */,
			);
			buildRules = (
			);
			dependencies = (
			);
			name = keyboard;
			productName = keyboard;
			productReference = BF5CEAF91D1B38F20078C2D1 /* Doug.appex */;
			productType = "com.apple.product-type.app-extension";
		};
/* End PBXNativeTarget section */

/* Begin PBXProject section */
		BF5CEABC1D1B38C20078C2D1 /* Project object */ = {
			isa = PBXProject;
			attributes = {
				LastSwiftUpdateCheck = 0730;
				LastUpgradeCheck = 0730;
				ORGANIZATIONNAME = rocker;
				TargetAttributes = {
					BF5CEAC31D1B38C20078C2D1 = {
						CreatedOnToolsVersion = 7.3.1;
						DevelopmentTeam = 4482NHM9RH;
						SystemCapabilities = {
							com.apple.ApplicationGroups.iOS = {
								enabled = 1;
							};
						};
					};
					BF5CEAD71D1B38C20078C2D1 = {
						CreatedOnToolsVersion = 7.3.1;
						TestTargetID = BF5CEAC31D1B38C20078C2D1;
					};
					BF5CEAE21D1B38C20078C2D1 = {
						CreatedOnToolsVersion = 7.3.1;
						TestTargetID = BF5CEAC31D1B38C20078C2D1;
					};
					BF5CEAF81D1B38F20078C2D1 = {
						CreatedOnToolsVersion = 7.3.1;
						DevelopmentTeam = 4482NHM9RH;
						SystemCapabilities = {
							com.apple.ApplicationGroups.iOS = {
								enabled = 1;
							};
						};
					};
				};
			};
			buildConfigurationList = BF5CEABF1D1B38C20078C2D1 /* Build configuration list for PBXProject "keyboard-201606220-01" */;
			compatibilityVersion = "Xcode 3.2";
			developmentRegion = English;
			hasScannedForEncodings = 0;
			knownRegions = (
				en,
				Base,
			);
			mainGroup = BF5CEABB1D1B38C20078C2D1;
			productRefGroup = BF5CEAC51D1B38C20078C2D1 /* Products */;
			projectDirPath = "";
			projectRoot = "";
			targets = (
				BF5CEAC31D1B38C20078C2D1 /* keyboard-201606220-01 */,
				BF5CEAD71D1B38C20078C2D1 /* keyboard-201606220-01Tests */,
				BF5CEAE21D1B38C20078C2D1 /* keyboard-201606220-01UITests */,
				BF5CEAF81D1B38F20078C2D1 /* keyboard */,
			);
		};
/* End PBXProject section */

/* Begin PBXResourcesBuildPhase section */
		BF5CEAC21D1B38C20078C2D1 /* Resources */ = {
			isa = PBXResourcesBuildPhase;
			buildActionMask = 2147483647;
			files = (
				BF5CEAD21D1B38C20078C2D1 /* LaunchScreen.storyboard in Resources */,
				BF5CEACF1D1B38C20078C2D1 /* Assets.xcassets in Resources */,
				BF5CEACD1D1B38C20078C2D1 /* Main.storyboard in Resources */,
			);
			runOnlyForDeploymentPostprocessing = 0;
		};
		BF5CEAD61D1B38C20078C2D1 /* Resources */ = {
			isa = PBXResourcesBuildPhase;
			buildActionMask = 2147483647;
			files = (
				BFCACD4D1D2CA0E00013ABB4 /* Assets.xcassets in Resources */,
			);
			runOnlyForDeploymentPostprocessing = 0;
		};
		BF5CEAE11D1B38C20078C2D1 /* Resources */ = {
			isa = PBXResourcesBuildPhase;
			buildActionMask = 2147483647;
			files = (
				BFCACD4E1D2CA0E10013ABB4 /* Assets.xcassets in Resources */,
			);
			runOnlyForDeploymentPostprocessing = 0;
		};
		BF5CEAF71D1B38F20078C2D1 /* Resources */ = {
			isa = PBXResourcesBuildPhase;
			buildActionMask = 2147483647;
			files = (
				BFCACD4F1D2CA0E10013ABB4 /* Assets.xcassets in Resources */,
			);
			runOnlyForDeploymentPostprocessing = 0;
		};
/* End PBXResourcesBuildPhase section */

/* Begin PBXSourcesBuildPhase section */
		BF5CEAC01D1B38C20078C2D1 /* Sources */ = {
			isa = PBXSourcesBuildPhase;
			buildActionMask = 2147483647;
			files = (
				BFAF45BB1D8ACA8D00A19EF1 /* TutRunner.swift in Sources */,
				BFD23A5B1D6422B1003B1376 /* Appearance.swift in Sources */,
				BF06DD181D9153DF00360508 /* UIResponderKeyboardCache.swift in Sources */,
				BF5CEACA1D1B38C20078C2D1 /* ViewController.swift in Sources */,
				BFF371EB1D7A974A00B68BDB /* TextAidProxy.swift in Sources */,
				BF5CEAC81D1B38C20078C2D1 /* AppDelegate.swift in Sources */,
				BF74C13B1D3D892D0088E585 /* ConstraintMaker.swift in Sources */,
				BFCDD7FE1D4B246E00809A7B /* KeyboardManager.swift in Sources */,
			);
			runOnlyForDeploymentPostprocessing = 0;
		};
		BF5CEAD41D1B38C20078C2D1 /* Sources */ = {
			isa = PBXSourcesBuildPhase;
			buildActionMask = 2147483647;
			files = (
				BF5CEADD1D1B38C20078C2D1 /* keyboard_201606220_01Tests.swift in Sources */,
				BFAF45BC1D8ACA8D00A19EF1 /* TutRunner.swift in Sources */,
				BF74C13C1D3D892D0088E585 /* ConstraintMaker.swift in Sources */,
				BFCDD7FF1D4B246E00809A7B /* KeyboardManager.swift in Sources */,
				BFD23A5C1D6422B1003B1376 /* Appearance.swift in Sources */,
				BFF371EC1D7A974A00B68BDB /* TextAidProxy.swift in Sources */,
				BF06DD191D9153DF00360508 /* UIResponderKeyboardCache.swift in Sources */,
			);
			runOnlyForDeploymentPostprocessing = 0;
		};
		BF5CEADF1D1B38C20078C2D1 /* Sources */ = {
			isa = PBXSourcesBuildPhase;
			buildActionMask = 2147483647;
			files = (
				BF5CEAE81D1B38C20078C2D1 /* keyboard_201606220_01UITests.swift in Sources */,
				BFAF45BD1D8ACA8D00A19EF1 /* TutRunner.swift in Sources */,
				BF74C13D1D3D892D0088E585 /* ConstraintMaker.swift in Sources */,
				BFCDD8001D4B246E00809A7B /* KeyboardManager.swift in Sources */,
				BFD23A5D1D6422B1003B1376 /* Appearance.swift in Sources */,
				BFF371ED1D7A974A00B68BDB /* TextAidProxy.swift in Sources */,
				BF06DD1A1D9153DF00360508 /* UIResponderKeyboardCache.swift in Sources */,
			);
			runOnlyForDeploymentPostprocessing = 0;
		};
		BF5CEAF51D1B38F20078C2D1 /* Sources */ = {
			isa = PBXSourcesBuildPhase;
			buildActionMask = 2147483647;
			files = (
				BF5CEAFC1D1B38F20078C2D1 /* KeyboardViewController.swift in Sources */,
				BFAF45BE1D8ACA8D00A19EF1 /* TutRunner.swift in Sources */,
				BF74C13E1D3D892D0088E585 /* ConstraintMaker.swift in Sources */,
				BFCDD8011D4B246E00809A7B /* KeyboardManager.swift in Sources */,
				BFD23A5E1D6422B1003B1376 /* Appearance.swift in Sources */,
				BFF371EE1D7A974A00B68BDB /* TextAidProxy.swift in Sources */,
				BF06DD1B1D9153DF00360508 /* UIResponderKeyboardCache.swift in Sources */,
			);
			runOnlyForDeploymentPostprocessing = 0;
		};
/* End PBXSourcesBuildPhase section */

/* Begin PBXTargetDependency section */
		BF5CEADA1D1B38C20078C2D1 /* PBXTargetDependency */ = {
			isa = PBXTargetDependency;
			target = BF5CEAC31D1B38C20078C2D1 /* keyboard-201606220-01 */;
			targetProxy = BF5CEAD91D1B38C20078C2D1 /* PBXContainerItemProxy */;
		};
		BF5CEAE51D1B38C20078C2D1 /* PBXTargetDependency */ = {
			isa = PBXTargetDependency;
			target = BF5CEAC31D1B38C20078C2D1 /* keyboard-201606220-01 */;
			targetProxy = BF5CEAE41D1B38C20078C2D1 /* PBXContainerItemProxy */;
		};
		BF5CEAFF1D1B38F20078C2D1 /* PBXTargetDependency */ = {
			isa = PBXTargetDependency;
			target = BF5CEAF81D1B38F20078C2D1 /* keyboard */;
			targetProxy = BF5CEAFE1D1B38F20078C2D1 /* PBXContainerItemProxy */;
		};
/* End PBXTargetDependency section */

/* Begin PBXVariantGroup section */
		BF5CEACB1D1B38C20078C2D1 /* Main.storyboard */ = {
			isa = PBXVariantGroup;
			children = (
				BF5CEACC1D1B38C20078C2D1 /* Base */,
			);
			name = Main.storyboard;
			sourceTree = "<group>";
		};
		BF5CEAD01D1B38C20078C2D1 /* LaunchScreen.storyboard */ = {
			isa = PBXVariantGroup;
			children = (
				BF5CEAD11D1B38C20078C2D1 /* Base */,
			);
			name = LaunchScreen.storyboard;
			sourceTree = "<group>";
		};
/* End PBXVariantGroup section */

/* Begin XCBuildConfiguration section */
		BF5CEAEA1D1B38C20078C2D1 /* Debug */ = {
			isa = XCBuildConfiguration;
			buildSettings = {
				ALWAYS_SEARCH_USER_PATHS = NO;
				CLANG_ANALYZER_NONNULL = YES;
				CLANG_CXX_LANGUAGE_STANDARD = "gnu++0x";
				CLANG_CXX_LIBRARY = "libc++";
				CLANG_ENABLE_MODULES = YES;
				CLANG_ENABLE_OBJC_ARC = YES;
				CLANG_WARN_BOOL_CONVERSION = YES;
				CLANG_WARN_CONSTANT_CONVERSION = YES;
				CLANG_WARN_DIRECT_OBJC_ISA_USAGE = YES_ERROR;
				CLANG_WARN_EMPTY_BODY = YES;
				CLANG_WARN_ENUM_CONVERSION = YES;
				CLANG_WARN_INT_CONVERSION = YES;
				CLANG_WARN_OBJC_ROOT_CLASS = YES_ERROR;
				CLANG_WARN_UNREACHABLE_CODE = YES;
				CLANG_WARN__DUPLICATE_METHOD_MATCH = YES;
				"CODE_SIGN_IDENTITY[sdk=iphoneos*]" = "iPhone Developer";
				COPY_PHASE_STRIP = NO;
				DEBUG_INFORMATION_FORMAT = dwarf;
				ENABLE_STRICT_OBJC_MSGSEND = YES;
				ENABLE_TESTABILITY = YES;
				GCC_C_LANGUAGE_STANDARD = gnu99;
				GCC_DYNAMIC_NO_PIC = NO;
				GCC_NO_COMMON_BLOCKS = YES;
				GCC_OPTIMIZATION_LEVEL = 0;
				GCC_PREPROCESSOR_DEFINITIONS = (
					"DEBUG=1",
					"$(inherited)",
				);
				GCC_WARN_64_TO_32_BIT_CONVERSION = YES;
				GCC_WARN_ABOUT_RETURN_TYPE = YES_ERROR;
				GCC_WARN_UNDECLARED_SELECTOR = YES;
				GCC_WARN_UNINITIALIZED_AUTOS = YES_AGGRESSIVE;
				GCC_WARN_UNUSED_FUNCTION = YES;
				GCC_WARN_UNUSED_VARIABLE = YES;
				IPHONEOS_DEPLOYMENT_TARGET = 9.3;
				MTL_ENABLE_DEBUG_INFO = YES;
				ONLY_ACTIVE_ARCH = YES;
				SDKROOT = iphoneos;
				SWIFT_OPTIMIZATION_LEVEL = "-Onone";
				TARGETED_DEVICE_FAMILY = "1,2";
			};
			name = Debug;
		};
		BF5CEAEB1D1B38C20078C2D1 /* Release */ = {
			isa = XCBuildConfiguration;
			buildSettings = {
				ALWAYS_SEARCH_USER_PATHS = NO;
				CLANG_ANALYZER_NONNULL = YES;
				CLANG_CXX_LANGUAGE_STANDARD = "gnu++0x";
				CLANG_CXX_LIBRARY = "libc++";
				CLANG_ENABLE_MODULES = YES;
				CLANG_ENABLE_OBJC_ARC = YES;
				CLANG_WARN_BOOL_CONVERSION = YES;
				CLANG_WARN_CONSTANT_CONVERSION = YES;
				CLANG_WARN_DIRECT_OBJC_ISA_USAGE = YES_ERROR;
				CLANG_WARN_EMPTY_BODY = YES;
				CLANG_WARN_ENUM_CONVERSION = YES;
				CLANG_WARN_INT_CONVERSION = YES;
				CLANG_WARN_OBJC_ROOT_CLASS = YES_ERROR;
				CLANG_WARN_UNREACHABLE_CODE = YES;
				CLANG_WARN__DUPLICATE_METHOD_MATCH = YES;
				"CODE_SIGN_IDENTITY[sdk=iphoneos*]" = "iPhone Developer";
				COPY_PHASE_STRIP = NO;
				DEBUG_INFORMATION_FORMAT = "dwarf-with-dsym";
				ENABLE_NS_ASSERTIONS = NO;
				ENABLE_STRICT_OBJC_MSGSEND = YES;
				GCC_C_LANGUAGE_STANDARD = gnu99;
				GCC_NO_COMMON_BLOCKS = YES;
				GCC_WARN_64_TO_32_BIT_CONVERSION = YES;
				GCC_WARN_ABOUT_RETURN_TYPE = YES_ERROR;
				GCC_WARN_UNDECLARED_SELECTOR = YES;
				GCC_WARN_UNINITIALIZED_AUTOS = YES_AGGRESSIVE;
				GCC_WARN_UNUSED_FUNCTION = YES;
				GCC_WARN_UNUSED_VARIABLE = YES;
				IPHONEOS_DEPLOYMENT_TARGET = 9.3;
				MTL_ENABLE_DEBUG_INFO = NO;
				SDKROOT = iphoneos;
				TARGETED_DEVICE_FAMILY = "1,2";
				VALIDATE_PRODUCT = YES;
			};
			name = Release;
		};
		BF5CEAED1D1B38C20078C2D1 /* Debug */ = {
			isa = XCBuildConfiguration;
			buildSettings = {
				ASSETCATALOG_COMPILER_APPICON_NAME = AppIcon;
				CODE_SIGN_ENTITLEMENTS = "keyboard-201606220-01/Doug.entitlements";
				CODE_SIGN_IDENTITY = "iPhone Developer";
				"CODE_SIGN_IDENTITY[sdk=iphoneos*]" = "iPhone Developer";
				EMBEDDED_CONTENT_CONTAINS_SWIFT = YES;
				INFOPLIST_FILE = "keyboard-201606220-01/Info.plist";
				LD_RUNPATH_SEARCH_PATHS = "$(inherited) @executable_path/Frameworks";
				PRODUCT_BUNDLE_IDENTIFIER = com.douglaslamb.tap;
				PRODUCT_NAME = Doug;
				PROVISIONING_PROFILE = "";
				TARGETED_DEVICE_FAMILY = 1;
			};
			name = Debug;
		};
		BF5CEAEE1D1B38C20078C2D1 /* Release */ = {
			isa = XCBuildConfiguration;
			buildSettings = {
				ASSETCATALOG_COMPILER_APPICON_NAME = AppIcon;
				CODE_SIGN_ENTITLEMENTS = "keyboard-201606220-01/Doug.entitlements";
				CODE_SIGN_IDENTITY = "iPhone Developer";
				"CODE_SIGN_IDENTITY[sdk=iphoneos*]" = "iPhone Developer";
				EMBEDDED_CONTENT_CONTAINS_SWIFT = YES;
				INFOPLIST_FILE = "keyboard-201606220-01/Info.plist";
				LD_RUNPATH_SEARCH_PATHS = "$(inherited) @executable_path/Frameworks";
				PRODUCT_BUNDLE_IDENTIFIER = com.douglaslamb.tap;
				PRODUCT_NAME = Doug;
				PROVISIONING_PROFILE = "";
				TARGETED_DEVICE_FAMILY = 1;
			};
			name = Release;
		};
		BF5CEAF01D1B38C20078C2D1 /* Debug */ = {
			isa = XCBuildConfiguration;
			buildSettings = {
				BUNDLE_LOADER = "$(TEST_HOST)";
				INFOPLIST_FILE = "keyboard-201606220-01Tests/Info.plist";
				LD_RUNPATH_SEARCH_PATHS = "$(inherited) @executable_path/Frameworks @loader_path/Frameworks";
				PRODUCT_BUNDLE_IDENTIFIER = "com.douglaslamb.keyboard-201606220-01Tests";
				PRODUCT_NAME = "$(TARGET_NAME)";
				TEST_HOST = "$(BUILT_PRODUCTS_DIR)/keyboard-201606220-01.app/keyboard-201606220-01";
			};
			name = Debug;
		};
		BF5CEAF11D1B38C20078C2D1 /* Release */ = {
			isa = XCBuildConfiguration;
			buildSettings = {
				BUNDLE_LOADER = "$(TEST_HOST)";
				INFOPLIST_FILE = "keyboard-201606220-01Tests/Info.plist";
				LD_RUNPATH_SEARCH_PATHS = "$(inherited) @executable_path/Frameworks @loader_path/Frameworks";
				PRODUCT_BUNDLE_IDENTIFIER = "com.douglaslamb.keyboard-201606220-01Tests";
				PRODUCT_NAME = "$(TARGET_NAME)";
				TEST_HOST = "$(BUILT_PRODUCTS_DIR)/keyboard-201606220-01.app/keyboard-201606220-01";
			};
			name = Release;
		};
		BF5CEAF31D1B38C20078C2D1 /* Debug */ = {
			isa = XCBuildConfiguration;
			buildSettings = {
				INFOPLIST_FILE = "keyboard-201606220-01UITests/Info.plist";
				LD_RUNPATH_SEARCH_PATHS = "$(inherited) @executable_path/Frameworks @loader_path/Frameworks";
				PRODUCT_BUNDLE_IDENTIFIER = "com.douglaslamb.keyboard-201606220-01UITests";
				PRODUCT_NAME = "$(TARGET_NAME)";
				TEST_TARGET_NAME = "keyboard-201606220-01";
			};
			name = Debug;
		};
		BF5CEAF41D1B38C20078C2D1 /* Release */ = {
			isa = XCBuildConfiguration;
			buildSettings = {
				INFOPLIST_FILE = "keyboard-201606220-01UITests/Info.plist";
				LD_RUNPATH_SEARCH_PATHS = "$(inherited) @executable_path/Frameworks @loader_path/Frameworks";
				PRODUCT_BUNDLE_IDENTIFIER = "com.douglaslamb.keyboard-201606220-01UITests";
				PRODUCT_NAME = "$(TARGET_NAME)";
				TEST_TARGET_NAME = "keyboard-201606220-01";
			};
			name = Release;
		};
		BF5CEB021D1B38F20078C2D1 /* Debug */ = {
			isa = XCBuildConfiguration;
			buildSettings = {
				CODE_SIGN_ENTITLEMENTS = "keyboard-201606220-01/Doug.entitlements";
				CODE_SIGN_IDENTITY = "iPhone Developer";
				"CODE_SIGN_IDENTITY[sdk=iphoneos*]" = "iPhone Developer";
				INFOPLIST_FILE = keyboard/Info.plist;
				LD_RUNPATH_SEARCH_PATHS = "$(inherited) @executable_path/Frameworks @executable_path/../../Frameworks";
				PRODUCT_BUNDLE_IDENTIFIER = com.douglaslamb.tap.extension;
				PRODUCT_NAME = Doug;
				PROVISIONING_PROFILE = "";
				SKIP_INSTALL = YES;
				TARGETED_DEVICE_FAMILY = 1;
			};
			name = Debug;
		};
		BF5CEB031D1B38F20078C2D1 /* Release */ = {
			isa = XCBuildConfiguration;
			buildSettings = {
				CODE_SIGN_ENTITLEMENTS = "keyboard-201606220-01/Doug.entitlements";
				CODE_SIGN_IDENTITY = "iPhone Developer";
				"CODE_SIGN_IDENTITY[sdk=iphoneos*]" = "iPhone Developer";
				INFOPLIST_FILE = keyboard/Info.plist;
				LD_RUNPATH_SEARCH_PATHS = "$(inherited) @executable_path/Frameworks @executable_path/../../Frameworks";
				PRODUCT_BUNDLE_IDENTIFIER = com.douglaslamb.tap.extension;
				PRODUCT_NAME = Doug;
				PROVISIONING_PROFILE = "";
				SKIP_INSTALL = YES;
				TARGETED_DEVICE_FAMILY = 1;
			};
			name = Release;
		};
/* End XCBuildConfiguration section */

/* Begin XCConfigurationList section */
		BF5CEABF1D1B38C20078C2D1 /* Build configuration list for PBXProject "keyboard-201606220-01" */ = {
			isa = XCConfigurationList;
			buildConfigurations = (
				BF5CEAEA1D1B38C20078C2D1 /* Debug */,
				BF5CEAEB1D1B38C20078C2D1 /* Release */,
			);
			defaultConfigurationIsVisible = 0;
			defaultConfigurationName = Release;
		};
		BF5CEAEC1D1B38C20078C2D1 /* Build configuration list for PBXNativeTarget "keyboard-201606220-01" */ = {
			isa = XCConfigurationList;
			buildConfigurations = (
				BF5CEAED1D1B38C20078C2D1 /* Debug */,
				BF5CEAEE1D1B38C20078C2D1 /* Release */,
			);
			defaultConfigurationIsVisible = 0;
			defaultConfigurationName = Release;
		};
		BF5CEAEF1D1B38C20078C2D1 /* Build configuration list for PBXNativeTarget "keyboard-201606220-01Tests" */ = {
			isa = XCConfigurationList;
			buildConfigurations = (
				BF5CEAF01D1B38C20078C2D1 /* Debug */,
				BF5CEAF11D1B38C20078C2D1 /* Release */,
			);
			defaultConfigurationIsVisible = 0;
			defaultConfigurationName = Release;
		};
		BF5CEAF21D1B38C20078C2D1 /* Build configuration list for PBXNativeTarget "keyboard-201606220-01UITests" */ = {
			isa = XCConfigurationList;
			buildConfigurations = (
				BF5CEAF31D1B38C20078C2D1 /* Debug */,
				BF5CEAF41D1B38C20078C2D1 /* Release */,
			);
			defaultConfigurationIsVisible = 0;
			defaultConfigurationName = Release;
		};
		BF5CEB011D1B38F20078C2D1 /* Build configuration list for PBXNativeTarget "keyboard" */ = {
			isa = XCConfigurationList;
			buildConfigurations = (
				BF5CEB021D1B38F20078C2D1 /* Debug */,
				BF5CEB031D1B38F20078C2D1 /* Release */,
			);
			defaultConfigurationIsVisible = 0;
			defaultConfigurationName = Release;
		};
/* End XCConfigurationList section */
	};
	rootObject = BF5CEABC1D1B38C20078C2D1 /* Project object */;
}
